// !$*UTF8*$!
{
	archiveVersion = 1;
	classes = {
	};
	objectVersion = 50;
	objects = {

/* Begin PBXBuildFile section */
		A849F78A21503EA7006DBBF0 /* AppDelegate.swift in Sources */ = {isa = PBXBuildFile; fileRef = A849F78921503EA7006DBBF0 /* AppDelegate.swift */; };
		A849F78C21503EA7006DBBF0 /* ViewController.swift in Sources */ = {isa = PBXBuildFile; fileRef = A849F78B21503EA7006DBBF0 /* ViewController.swift */; };
		A849F78F21503EA7006DBBF0 /* Main.storyboard in Resources */ = {isa = PBXBuildFile; fileRef = A849F78D21503EA7006DBBF0 /* Main.storyboard */; };
		A849F79121503EA9006DBBF0 /* Assets.xcassets in Resources */ = {isa = PBXBuildFile; fileRef = A849F79021503EA9006DBBF0 /* Assets.xcassets */; };
		A849F79421503EA9006DBBF0 /* LaunchScreen.storyboard in Resources */ = {isa = PBXBuildFile; fileRef = A849F79221503EA9006DBBF0 /* LaunchScreen.storyboard */; };
		A849F79F21503EAA006DBBF0 /* TuneSearchTests.swift in Sources */ = {isa = PBXBuildFile; fileRef = A849F79E21503EAA006DBBF0 /* TuneSearchTests.swift */; };
		A849F7AA21503EAA006DBBF0 /* TuneSearchUITests.swift in Sources */ = {isa = PBXBuildFile; fileRef = A849F7A921503EAA006DBBF0 /* TuneSearchUITests.swift */; };
/* End PBXBuildFile section */

/* Begin PBXContainerItemProxy section */
		A849F79B21503EAA006DBBF0 /* PBXContainerItemProxy */ = {
			isa = PBXContainerItemProxy;
			containerPortal = A849F77E21503EA7006DBBF0 /* Project object */;
			proxyType = 1;
			remoteGlobalIDString = A849F78521503EA7006DBBF0;
			remoteInfo = TuneSearch;
		};
		A849F7A621503EAA006DBBF0 /* PBXContainerItemProxy */ = {
			isa = PBXContainerItemProxy;
			containerPortal = A849F77E21503EA7006DBBF0 /* Project object */;
			proxyType = 1;
			remoteGlobalIDString = A849F78521503EA7006DBBF0;
			remoteInfo = TuneSearch;
		};
/* End PBXContainerItemProxy section */

/* Begin PBXFileReference section */
		A849F78621503EA7006DBBF0 /* TuneSearch.app */ = {isa = PBXFileReference; explicitFileType = wrapper.application; includeInIndex = 0; path = TuneSearch.app; sourceTree = BUILT_PRODUCTS_DIR; };
		A849F78921503EA7006DBBF0 /* AppDelegate.swift */ = {isa = PBXFileReference; lastKnownFileType = sourcecode.swift; path = AppDelegate.swift; sourceTree = "<group>"; };
		A849F78B21503EA7006DBBF0 /* ViewController.swift */ = {isa = PBXFileReference; lastKnownFileType = sourcecode.swift; path = ViewController.swift; sourceTree = "<group>"; };
		A849F78E21503EA7006DBBF0 /* Base */ = {isa = PBXFileReference; lastKnownFileType = file.storyboard; name = Base; path = Base.lproj/Main.storyboard; sourceTree = "<group>"; };
		A849F79021503EA9006DBBF0 /* Assets.xcassets */ = {isa = PBXFileReference; lastKnownFileType = folder.assetcatalog; path = Assets.xcassets; sourceTree = "<group>"; };
		A849F79321503EA9006DBBF0 /* Base */ = {isa = PBXFileReference; lastKnownFileType = file.storyboard; name = Base; path = Base.lproj/LaunchScreen.storyboard; sourceTree = "<group>"; };
		A849F79521503EA9006DBBF0 /* Info.plist */ = {isa = PBXFileReference; lastKnownFileType = text.plist.xml; path = Info.plist; sourceTree = "<group>"; };
		A849F79A21503EAA006DBBF0 /* TuneSearchTests.xctest */ = {isa = PBXFileReference; explicitFileType = wrapper.cfbundle; includeInIndex = 0; path = TuneSearchTests.xctest; sourceTree = BUILT_PRODUCTS_DIR; };
		A849F79E21503EAA006DBBF0 /* TuneSearchTests.swift */ = {isa = PBXFileReference; lastKnownFileType = sourcecode.swift; path = TuneSearchTests.swift; sourceTree = "<group>"; };
		A849F7A021503EAA006DBBF0 /* Info.plist */ = {isa = PBXFileReference; lastKnownFileType = text.plist.xml; path = Info.plist; sourceTree = "<group>"; };
		A849F7A521503EAA006DBBF0 /* TuneSearchUITests.xctest */ = {isa = PBXFileReference; explicitFileType = wrapper.cfbundle; includeInIndex = 0; path = TuneSearchUITests.xctest; sourceTree = BUILT_PRODUCTS_DIR; };
		A849F7A921503EAA006DBBF0 /* TuneSearchUITests.swift */ = {isa = PBXFileReference; lastKnownFileType = sourcecode.swift; path = TuneSearchUITests.swift; sourceTree = "<group>"; };
		A849F7AB21503EAA006DBBF0 /* Info.plist */ = {isa = PBXFileReference; lastKnownFileType = text.plist.xml; path = Info.plist; sourceTree = "<group>"; };
/* End PBXFileReference section */

/* Begin PBXFrameworksBuildPhase section */
		A849F78321503EA7006DBBF0 /* Frameworks */ = {
			isa = PBXFrameworksBuildPhase;
			buildActionMask = 2147483647;
			files = (
			);
			runOnlyForDeploymentPostprocessing = 0;
		};
		A849F79721503EAA006DBBF0 /* Frameworks */ = {
			isa = PBXFrameworksBuildPhase;
			buildActionMask = 2147483647;
			files = (
			);
			runOnlyForDeploymentPostprocessing = 0;
		};
		A849F7A221503EAA006DBBF0 /* Frameworks */ = {
			isa = PBXFrameworksBuildPhase;
			buildActionMask = 2147483647;
			files = (
			);
			runOnlyForDeploymentPostprocessing = 0;
		};
/* End PBXFrameworksBuildPhase section */

/* Begin PBXGroup section */
		A849F77D21503EA7006DBBF0 = {
			isa = PBXGroup;
			children = (
				A849F78821503EA7006DBBF0 /* TuneSearch */,
				A849F79D21503EAA006DBBF0 /* TuneSearchTests */,
				A849F7A821503EAA006DBBF0 /* TuneSearchUITests */,
				A849F78721503EA7006DBBF0 /* Products */,
			);
			sourceTree = "<group>";
		};
		A849F78721503EA7006DBBF0 /* Products */ = {
			isa = PBXGroup;
			children = (
				A849F78621503EA7006DBBF0 /* TuneSearch.app */,
				A849F79A21503EAA006DBBF0 /* TuneSearchTests.xctest */,
				A849F7A521503EAA006DBBF0 /* TuneSearchUITests.xctest */,
			);
			name = Products;
			sourceTree = "<group>";
		};
		A849F78821503EA7006DBBF0 /* TuneSearch */ = {
			isa = PBXGroup;
			children = (
				A849F78921503EA7006DBBF0 /* AppDelegate.swift */,
				A849F78B21503EA7006DBBF0 /* ViewController.swift */,
				A849F78D21503EA7006DBBF0 /* Main.storyboard */,
				A849F79021503EA9006DBBF0 /* Assets.xcassets */,
				A849F79221503EA9006DBBF0 /* LaunchScreen.storyboard */,
				A849F79521503EA9006DBBF0 /* Info.plist */,
			);
			path = TuneSearch;
			sourceTree = "<group>";
		};
		A849F79D21503EAA006DBBF0 /* TuneSearchTests */ = {
			isa = PBXGroup;
			children = (
				A849F79E21503EAA006DBBF0 /* TuneSearchTests.swift */,
				A849F7A021503EAA006DBBF0 /* Info.plist */,
			);
			path = TuneSearchTests;
			sourceTree = "<group>";
		};
		A849F7A821503EAA006DBBF0 /* TuneSearchUITests */ = {
			isa = PBXGroup;
			children = (
				A849F7A921503EAA006DBBF0 /* TuneSearchUITests.swift */,
				A849F7AB21503EAA006DBBF0 /* Info.plist */,
			);
			path = TuneSearchUITests;
			sourceTree = "<group>";
		};
/* End PBXGroup section */

/* Begin PBXNativeTarget section */
		A849F78521503EA7006DBBF0 /* TuneSearch */ = {
			isa = PBXNativeTarget;
			buildConfigurationList = A849F7AE21503EAA006DBBF0 /* Build configuration list for PBXNativeTarget "TuneSearch" */;
			buildPhases = (
				A849F78221503EA7006DBBF0 /* Sources */,
				A849F78321503EA7006DBBF0 /* Frameworks */,
				A849F78421503EA7006DBBF0 /* Resources */,
			);
			buildRules = (
			);
			dependencies = (
			);
			name = TuneSearch;
			productName = TuneSearch;
			productReference = A849F78621503EA7006DBBF0 /* TuneSearch.app */;
			productType = "com.apple.product-type.application";
		};
		A849F79921503EAA006DBBF0 /* TuneSearchTests */ = {
			isa = PBXNativeTarget;
			buildConfigurationList = A849F7B121503EAA006DBBF0 /* Build configuration list for PBXNativeTarget "TuneSearchTests" */;
			buildPhases = (
				A849F79621503EAA006DBBF0 /* Sources */,
				A849F79721503EAA006DBBF0 /* Frameworks */,
				A849F79821503EAA006DBBF0 /* Resources */,
			);
			buildRules = (
			);
			dependencies = (
				A849F79C21503EAA006DBBF0 /* PBXTargetDependency */,
			);
			name = TuneSearchTests;
			productName = TuneSearchTests;
			productReference = A849F79A21503EAA006DBBF0 /* TuneSearchTests.xctest */;
			productType = "com.apple.product-type.bundle.unit-test";
		};
		A849F7A421503EAA006DBBF0 /* TuneSearchUITests */ = {
			isa = PBXNativeTarget;
			buildConfigurationList = A849F7B421503EAA006DBBF0 /* Build configuration list for PBXNativeTarget "TuneSearchUITests" */;
			buildPhases = (
				A849F7A121503EAA006DBBF0 /* Sources */,
				A849F7A221503EAA006DBBF0 /* Frameworks */,
				A849F7A321503EAA006DBBF0 /* Resources */,
			);
			buildRules = (
			);
			dependencies = (
				A849F7A721503EAA006DBBF0 /* PBXTargetDependency */,
			);
			name = TuneSearchUITests;
			productName = TuneSearchUITests;
			productReference = A849F7A521503EAA006DBBF0 /* TuneSearchUITests.xctest */;
			productType = "com.apple.product-type.bundle.ui-testing";
		};
/* End PBXNativeTarget section */

/* Begin PBXProject section */
		A849F77E21503EA7006DBBF0 /* Project object */ = {
			isa = PBXProject;
			attributes = {
				LastSwiftUpdateCheck = 0940;
				LastUpgradeCheck = 0940;
				ORGANIZATIONNAME = com.benormos;
				TargetAttributes = {
					A849F78521503EA7006DBBF0 = {
						CreatedOnToolsVersion = 9.4.1;
					};
					A849F79921503EAA006DBBF0 = {
						CreatedOnToolsVersion = 9.4.1;
						TestTargetID = A849F78521503EA7006DBBF0;
					};
					A849F7A421503EAA006DBBF0 = {
						CreatedOnToolsVersion = 9.4.1;
						TestTargetID = A849F78521503EA7006DBBF0;
					};
				};
			};
			buildConfigurationList = A849F78121503EA7006DBBF0 /* Build configuration list for PBXProject "TuneSearch" */;
			compatibilityVersion = "Xcode 9.3";
			developmentRegion = en;
			hasScannedForEncodings = 0;
			knownRegions = (
				en,
				Base,
			);
			mainGroup = A849F77D21503EA7006DBBF0;
			productRefGroup = A849F78721503EA7006DBBF0 /* Products */;
			projectDirPath = "";
			projectRoot = "";
			targets = (
				A849F78521503EA7006DBBF0 /* TuneSearch */,
				A849F79921503EAA006DBBF0 /* TuneSearchTests */,
				A849F7A421503EAA006DBBF0 /* TuneSearchUITests */,
			);
		};
/* End PBXProject section */

/* Begin PBXResourcesBuildPhase section */
		A849F78421503EA7006DBBF0 /* Resources */ = {
			isa = PBXResourcesBuildPhase;
			buildActionMask = 2147483647;
			files = (
				A849F79421503EA9006DBBF0 /* LaunchScreen.storyboard in Resources */,
				A849F79121503EA9006DBBF0 /* Assets.xcassets in Resources */,
				A849F78F21503EA7006DBBF0 /* Main.storyboard in Resources */,
			);
			runOnlyForDeploymentPostprocessing = 0;
		};
		A849F79821503EAA006DBBF0 /* Resources */ = {
			isa = PBXResourcesBuildPhase;
			buildActionMask = 2147483647;
			files = (
			);
			runOnlyForDeploymentPostprocessing = 0;
		};
		A849F7A321503EAA006DBBF0 /* Resources */ = {
			isa = PBXResourcesBuildPhase;
			buildActionMask = 2147483647;
			files = (
			);
			runOnlyForDeploymentPostprocessing = 0;
		};
/* End PBXResourcesBuildPhase section */

/* Begin PBXSourcesBuildPhase section */
		A849F78221503EA7006DBBF0 /* Sources */ = {
			isa = PBXSourcesBuildPhase;
			buildActionMask = 2147483647;
			files = (
				A849F78C21503EA7006DBBF0 /* ViewController.swift in Sources */,
				A849F78A21503EA7006DBBF0 /* AppDelegate.swift in Sources */,
			);
			runOnlyForDeploymentPostprocessing = 0;
		};
		A849F79621503EAA006DBBF0 /* Sources */ = {
			isa = PBXSourcesBuildPhase;
			buildActionMask = 2147483647;
			files = (
				A849F79F21503EAA006DBBF0 /* TuneSearchTests.swift in Sources */,
			);
			runOnlyForDeploymentPostprocessing = 0;
		};
		A849F7A121503EAA006DBBF0 /* Sources */ = {
			isa = PBXSourcesBuildPhase;
			buildActionMask = 2147483647;
			files = (
				A849F7AA21503EAA006DBBF0 /* TuneSearchUITests.swift in Sources */,
			);
			runOnlyForDeploymentPostprocessing = 0;
		};
/* End PBXSourcesBuildPhase section */

/* Begin PBXTargetDependency section */
		A849F79C21503EAA006DBBF0 /* PBXTargetDependency */ = {
			isa = PBXTargetDependency;
			target = A849F78521503EA7006DBBF0 /* TuneSearch */;
			targetProxy = A849F79B21503EAA006DBBF0 /* PBXContainerItemProxy */;
		};
		A849F7A721503EAA006DBBF0 /* PBXTargetDependency */ = {
			isa = PBXTargetDependency;
			target = A849F78521503EA7006DBBF0 /* TuneSearch */;
			targetProxy = A849F7A621503EAA006DBBF0 /* PBXContainerItemProxy */;
		};
/* End PBXTargetDependency section */

/* Begin PBXVariantGroup section */
		A849F78D21503EA7006DBBF0 /* Main.storyboard */ = {
			isa = PBXVariantGroup;
			children = (
				A849F78E21503EA7006DBBF0 /* Base */,
			);
			name = Main.storyboard;
			sourceTree = "<group>";
		};
		A849F79221503EA9006DBBF0 /* LaunchScreen.storyboard */ = {
			isa = PBXVariantGroup;
			children = (
				A849F79321503EA9006DBBF0 /* Base */,
			);
			name = LaunchScreen.storyboard;
			sourceTree = "<group>";
		};
/* End PBXVariantGroup section */

/* Begin XCBuildConfiguration section */
		A849F7AC21503EAA006DBBF0 /* Debug */ = {
			isa = XCBuildConfiguration;
			buildSettings = {
				ALWAYS_SEARCH_USER_PATHS = NO;
				CLANG_ANALYZER_NONNULL = YES;
				CLANG_ANALYZER_NUMBER_OBJECT_CONVERSION = YES_AGGRESSIVE;
				CLANG_CXX_LANGUAGE_STANDARD = "gnu++14";
				CLANG_CXX_LIBRARY = "libc++";
				CLANG_ENABLE_MODULES = YES;
				CLANG_ENABLE_OBJC_ARC = YES;
				CLANG_ENABLE_OBJC_WEAK = YES;
				CLANG_WARN_BLOCK_CAPTURE_AUTORELEASING = YES;
				CLANG_WARN_BOOL_CONVERSION = YES;
				CLANG_WARN_COMMA = YES;
				CLANG_WARN_CONSTANT_CONVERSION = YES;
				CLANG_WARN_DEPRECATED_OBJC_IMPLEMENTATIONS = YES;
				CLANG_WARN_DIRECT_OBJC_ISA_USAGE = YES_ERROR;
				CLANG_WARN_DOCUMENTATION_COMMENTS = YES;
				CLANG_WARN_EMPTY_BODY = YES;
				CLANG_WARN_ENUM_CONVERSION = YES;
				CLANG_WARN_INFINITE_RECURSION = YES;
				CLANG_WARN_INT_CONVERSION = YES;
				CLANG_WARN_NON_LITERAL_NULL_CONVERSION = YES;
				CLANG_WARN_OBJC_IMPLICIT_RETAIN_SELF = YES;
				CLANG_WARN_OBJC_LITERAL_CONVERSION = YES;
				CLANG_WARN_OBJC_ROOT_CLASS = YES_ERROR;
				CLANG_WARN_RANGE_LOOP_ANALYSIS = YES;
				CLANG_WARN_STRICT_PROTOTYPES = YES;
				CLANG_WARN_SUSPICIOUS_MOVE = YES;
				CLANG_WARN_UNGUARDED_AVAILABILITY = YES_AGGRESSIVE;
				CLANG_WARN_UNREACHABLE_CODE = YES;
				CLANG_WARN__DUPLICATE_METHOD_MATCH = YES;
				CODE_SIGN_IDENTITY = "iPhone Developer";
				COPY_PHASE_STRIP = NO;
				DEBUG_INFORMATION_FORMAT = dwarf;
				ENABLE_STRICT_OBJC_MSGSEND = YES;
				ENABLE_TESTABILITY = YES;
				GCC_C_LANGUAGE_STANDARD = gnu11;
				GCC_DYNAMIC_NO_PIC = NO;
				GCC_NO_COMMON_BLOCKS = YES;
				GCC_OPTIMIZATION_LEVEL = 0;
				GCC_PREPROCESSOR_DEFINITIONS = (
					"DEBUG=1",
					"$(inherited)",
				);
				GCC_WARN_64_TO_32_BIT_CONVERSION = YES;
				GCC_WARN_ABOUT_RETURN_TYPE = YES_ERROR;
				GCC_WARN_UNDECLARED_SELECTOR = YES;
				GCC_WARN_UNINITIALIZED_AUTOS = YES_AGGRESSIVE;
				GCC_WARN_UNUSED_FUNCTION = YES;
				GCC_WARN_UNUSED_VARIABLE = YES;
				IPHONEOS_DEPLOYMENT_TARGET = 11.4;
				MTL_ENABLE_DEBUG_INFO = YES;
				ONLY_ACTIVE_ARCH = YES;
				SDKROOT = iphoneos;
				SWIFT_ACTIVE_COMPILATION_CONDITIONS = DEBUG;
				SWIFT_OPTIMIZATION_LEVEL = "-Onone";
			};
			name = Debug;
		};
		A849F7AD21503EAA006DBBF0 /* Release */ = {
			isa = XCBuildConfiguration;
			buildSettings = {
				ALWAYS_SEARCH_USER_PATHS = NO;
				CLANG_ANALYZER_NONNULL = YES;
				CLANG_ANALYZER_NUMBER_OBJECT_CONVERSION = YES_AGGRESSIVE;
				CLANG_CXX_LANGUAGE_STANDARD = "gnu++14";
				CLANG_CXX_LIBRARY = "libc++";
				CLANG_ENABLE_MODULES = YES;
				CLANG_ENABLE_OBJC_ARC = YES;
				CLANG_ENABLE_OBJC_WEAK = YES;
				CLANG_WARN_BLOCK_CAPTURE_AUTORELEASING = YES;
				CLANG_WARN_BOOL_CONVERSION = YES;
				CLANG_WARN_COMMA = YES;
				CLANG_WARN_CONSTANT_CONVERSION = YES;
				CLANG_WARN_DEPRECATED_OBJC_IMPLEMENTATIONS = YES;
				CLANG_WARN_DIRECT_OBJC_ISA_USAGE = YES_ERROR;
				CLANG_WARN_DOCUMENTATION_COMMENTS = YES;
				CLANG_WARN_EMPTY_BODY = YES;
				CLANG_WARN_ENUM_CONVERSION = YES;
				CLANG_WARN_INFINITE_RECURSION = YES;
				CLANG_WARN_INT_CONVERSION = YES;
				CLANG_WARN_NON_LITERAL_NULL_CONVERSION = YES;
				CLANG_WARN_OBJC_IMPLICIT_RETAIN_SELF = YES;
				CLANG_WARN_OBJC_LITERAL_CONVERSION = YES;
				CLANG_WARN_OBJC_ROOT_CLASS = YES_ERROR;
				CLANG_WARN_RANGE_LOOP_ANALYSIS = YES;
				CLANG_WARN_STRICT_PROTOTYPES = YES;
				CLANG_WARN_SUSPICIOUS_MOVE = YES;
				CLANG_WARN_UNGUARDED_AVAILABILITY = YES_AGGRESSIVE;
				CLANG_WARN_UNREACHABLE_CODE = YES;
				CLANG_WARN__DUPLICATE_METHOD_MATCH = YES;
				CODE_SIGN_IDENTITY = "iPhone Developer";
				COPY_PHASE_STRIP = NO;
				DEBUG_INFORMATION_FORMAT = "dwarf-with-dsym";
				ENABLE_NS_ASSERTIONS = NO;
				ENABLE_STRICT_OBJC_MSGSEND = YES;
				GCC_C_LANGUAGE_STANDARD = gnu11;
				GCC_NO_COMMON_BLOCKS = YES;
				GCC_WARN_64_TO_32_BIT_CONVERSION = YES;
				GCC_WARN_ABOUT_RETURN_TYPE = YES_ERROR;
				GCC_WARN_UNDECLARED_SELECTOR = YES;
				GCC_WARN_UNINITIALIZED_AUTOS = YES_AGGRESSIVE;
				GCC_WARN_UNUSED_FUNCTION = YES;
				GCC_WARN_UNUSED_VARIABLE = YES;
				IPHONEOS_DEPLOYMENT_TARGET = 11.4;
				MTL_ENABLE_DEBUG_INFO = NO;
				SDKROOT = iphoneos;
				SWIFT_COMPILATION_MODE = wholemodule;
				SWIFT_OPTIMIZATION_LEVEL = "-O";
				VALIDATE_PRODUCT = YES;
			};
			name = Release;
		};
		A849F7AF21503EAA006DBBF0 /* Debug */ = {
			isa = XCBuildConfiguration;
			buildSettings = {
				ASSETCATALOG_COMPILER_APPICON_NAME = AppIcon;
				CODE_SIGN_STYLE = Automatic;
				DEVELOPMENT_TEAM = P9359A36T5;
				INFOPLIST_FILE = TuneSearch/Info.plist;
				LD_RUNPATH_SEARCH_PATHS = (
					"$(inherited)",
					"@executable_path/Frameworks",
				);
				PRODUCT_BUNDLE_IDENTIFIER = com.benormos.TuneSearch;
				PRODUCT_NAME = "$(TARGET_NAME)";
				SWIFT_VERSION = 4.0;
				TARGETED_DEVICE_FAMILY = "1,2";
			};
			name = Debug;
		};
		A849F7B021503EAA006DBBF0 /* Release */ = {
			isa = XCBuildConfiguration;
			buildSettings = {
				ASSETCATALOG_COMPILER_APPICON_NAME = AppIcon;
				CODE_SIGN_STYLE = Automatic;
				DEVELOPMENT_TEAM = P9359A36T5;
				INFOPLIST_FILE = TuneSearch/Info.plist;
				LD_RUNPATH_SEARCH_PATHS = (
					"$(inherited)",
					"@executable_path/Frameworks",
				);
				PRODUCT_BUNDLE_IDENTIFIER = com.benormos.TuneSearch;
				PRODUCT_NAME = "$(TARGET_NAME)";
				SWIFT_VERSION = 4.0;
				TARGETED_DEVICE_FAMILY = "1,2";
			};
			name = Release;
		};
		A849F7B221503EAA006DBBF0 /* Debug */ = {
			isa = XCBuildConfiguration;
			buildSettings = {
				ALWAYS_EMBED_SWIFT_STANDARD_LIBRARIES = YES;
				BUNDLE_LOADER = "$(TEST_HOST)";
				CODE_SIGN_STYLE = Automatic;
				DEVELOPMENT_TEAM = P9359A36T5;
				INFOPLIST_FILE = TuneSearchTests/Info.plist;
				LD_RUNPATH_SEARCH_PATHS = (
					"$(inherited)",
					"@executable_path/Frameworks",
					"@loader_path/Frameworks",
				);
				PRODUCT_BUNDLE_IDENTIFIER = com.benormos.TuneSearchTests;
				PRODUCT_NAME = "$(TARGET_NAME)";
				SWIFT_VERSION = 4.0;
				TARGETED_DEVICE_FAMILY = "1,2";
				TEST_HOST = "$(BUILT_PRODUCTS_DIR)/TuneSearch.app/TuneSearch";
			};
			name = Debug;
		};
		A849F7B321503EAA006DBBF0 /* Release */ = {
			isa = XCBuildConfiguration;
			buildSettings = {
				ALWAYS_EMBED_SWIFT_STANDARD_LIBRARIES = YES;
				BUNDLE_LOADER = "$(TEST_HOST)";
				CODE_SIGN_STYLE = Automatic;
				DEVELOPMENT_TEAM = P9359A36T5;
				INFOPLIST_FILE = TuneSearchTests/Info.plist;
				LD_RUNPATH_SEARCH_PATHS = (
					"$(inherited)",
					"@executable_path/Frameworks",
					"@loader_path/Frameworks",
				);
				PRODUCT_BUNDLE_IDENTIFIER = com.benormos.TuneSearchTests;
				PRODUCT_NAME = "$(TARGET_NAME)";
				SWIFT_VERSION = 4.0;
				TARGETED_DEVICE_FAMILY = "1,2";
				TEST_HOST = "$(BUILT_PRODUCTS_DIR)/TuneSearch.app/TuneSearch";
			};
			name = Release;
		};
		A849F7B521503EAA006DBBF0 /* Debug */ = {
			isa = XCBuildConfiguration;
			buildSettings = {
				ALWAYS_EMBED_SWIFT_STANDARD_LIBRARIES = YES;
				CODE_SIGN_STYLE = Automatic;
				DEVELOPMENT_TEAM = P9359A36T5;
				INFOPLIST_FILE = TuneSearchUITests/Info.plist;
				LD_RUNPATH_SEARCH_PATHS = (
					"$(inherited)",
					"@executable_path/Frameworks",
					"@loader_path/Frameworks",
				);
				PRODUCT_BUNDLE_IDENTIFIER = com.benormos.TuneSearchUITests;
				PRODUCT_NAME = "$(TARGET_NAME)";
				SWIFT_VERSION = 4.0;
				TARGETED_DEVICE_FAMILY = "1,2";
				TEST_TARGET_NAME = TuneSearch;
			};
			name = Debug;
		};
		A849F7B621503EAA006DBBF0 /* Release */ = {
			isa = XCBuildConfiguration;
			buildSettings = {
				ALWAYS_EMBED_SWIFT_STANDARD_LIBRARIES = YES;
				CODE_SIGN_STYLE = Automatic;
				DEVELOPMENT_TEAM = P9359A36T5;
				INFOPLIST_FILE = TuneSearchUITests/Info.plist;
				LD_RUNPATH_SEARCH_PATHS = (
					"$(inherited)",
					"@executable_path/Frameworks",
					"@loader_path/Frameworks",
				);
				PRODUCT_BUNDLE_IDENTIFIER = com.benormos.TuneSearchUITests;
				PRODUCT_NAME = "$(TARGET_NAME)";
				SWIFT_VERSION = 4.0;
				TARGETED_DEVICE_FAMILY = "1,2";
				TEST_TARGET_NAME = TuneSearch;
			};
			name = Release;
		};
/* End XCBuildConfiguration section */

/* Begin XCConfigurationList section */
		A849F78121503EA7006DBBF0 /* Build configuration list for PBXProject "TuneSearch" */ = {
			isa = XCConfigurationList;
			buildConfigurations = (
				A849F7AC21503EAA006DBBF0 /* Debug */,
				A849F7AD21503EAA006DBBF0 /* Release */,
			);
			defaultConfigurationIsVisible = 0;
			defaultConfigurationName = Release;
		};
		A849F7AE21503EAA006DBBF0 /* Build configuration list for PBXNativeTarget "TuneSearch" */ = {
			isa = XCConfigurationList;
			buildConfigurations = (
				A849F7AF21503EAA006DBBF0 /* Debug */,
				A849F7B021503EAA006DBBF0 /* Release */,
			);
			defaultConfigurationIsVisible = 0;
			defaultConfigurationName = Release;
		};
		A849F7B121503EAA006DBBF0 /* Build configuration list for PBXNativeTarget "TuneSearchTests" */ = {
			isa = XCConfigurationList;
			buildConfigurations = (
				A849F7B221503EAA006DBBF0 /* Debug */,
				A849F7B321503EAA006DBBF0 /* Release */,
			);
			defaultConfigurationIsVisible = 0;
			defaultConfigurationName = Release;
		};
		A849F7B421503EAA006DBBF0 /* Build configuration list for PBXNativeTarget "TuneSearchUITests" */ = {
			isa = XCConfigurationList;
			buildConfigurations = (
				A849F7B521503EAA006DBBF0 /* Debug */,
				A849F7B621503EAA006DBBF0 /* Release */,
			);
			defaultConfigurationIsVisible = 0;
			defaultConfigurationName = Release;
		};
/* End XCConfigurationList section */
	};
	rootObject = A849F77E21503EA7006DBBF0 /* Project object */;
}
